
Microsoft Visual Studio Solution File, Format Version 12.00
# Visual Studio Version 17
VisualStudioVersion = 17.4.33122.133
MinimumVisualStudioVersion = 10.0.40219.1
Project("{8BC9CEB8-8B4A-11D0-8D11-00A0C91BC942}") = "екзамен", "екзамен\екзамен.vcxproj", "{60A69299-99DE-4551-B035-1F061B10355F}"
EndProject
Global
	GlobalSection(SolutionConfigurationPlatforms) = preSolution
		Debug|x64 = Debug|x64
		Debug|x86 = Debug|x86
		Release|x64 = Release|x64
		Release|x86 = Release|x86
	EndGlobalSection
	GlobalSection(ProjectConfigurationPlatforms) = postSolution
		{60A69299-99DE-4551-B035-1F061B10355F}.Debug|x64.ActiveCfg = Debug|x64
		{60A69299-99DE-4551-B035-1F061B10355F}.Debug|x64.Build.0 = Debug|x64
		{60A69299-99DE-4551-B035-1F061B10355F}.Debug|x86.ActiveCfg = Debug|Win32
		{60A69299-99DE-4551-B035-1F061B10355F}.Debug|x86.Build.0 = Debug|Win32
		{60A69299-99DE-4551-B035-1F061B10355F}.Release|x64.ActiveCfg = Release|x64
		{60A69299-99DE-4551-B035-1F061B10355F}.Release|x64.Build.0 = Release|x64
		{60A69299-99DE-4551-B035-1F061B10355F}.Release|x86.ActiveCfg = Release|Win32
		{60A69299-99DE-4551-B035-1F061B10355F}.Release|x86.Build.0 = Release|Win32
	EndGlobalSection
	GlobalSection(SolutionProperties) = preSolution
		HideSolutionNode = FALSE
	EndGlobalSection
	GlobalSection(ExtensibilityGlobals) = postSolution
		SolutionGuid = {4E8AE053-A325-4A41-9E67-5595F57E71AB}
	EndGlobalSection
EndGlobal
